
Microsoft Visual Studio Solution File, Format Version 12.00
Project("{FAE04EC0-301F-11D3-BF4B-00C04F79EFBC}") = "Audit.NET.Elasticsearch.IndexMapping.Conflict", "Audit.NET.Elasticsearch.IndexMapping.Conflict\Audit.NET.Elasticsearch.IndexMapping.Conflict.csproj", "{48B62FD8-AEC1-4FC5-A652-E066E4F06257}"
EndProject
Global
	GlobalSection(SolutionConfigurationPlatforms) = preSolution
		Debug|Any CPU = Debug|Any CPU
		Release|Any CPU = Release|Any CPU
	EndGlobalSection
	GlobalSection(ProjectConfigurationPlatforms) = postSolution
		{48B62FD8-AEC1-4FC5-A652-E066E4F06257}.Debug|Any CPU.ActiveCfg = Debug|Any CPU
		{48B62FD8-AEC1-4FC5-A652-E066E4F06257}.Debug|Any CPU.Build.0 = Debug|Any CPU
		{48B62FD8-AEC1-4FC5-A652-E066E4F06257}.Release|Any CPU.ActiveCfg = Release|Any CPU
		{48B62FD8-AEC1-4FC5-A652-E066E4F06257}.Release|Any CPU.Build.0 = Release|Any CPU
	EndGlobalSection
EndGlobal
